// !$*UTF8*$!
{
	archiveVersion = 1;
	classes = {
	};
	objectVersion = 46;
	objects = {

/* Begin PBXBuildFile section */
		C595403D1EF6B3510008AD5D /* AppDelegate.swift in Sources */ = {isa = PBXBuildFile; fileRef = C595403C1EF6B3510008AD5D /* AppDelegate.swift */; };
		C595403F1EF6B3510008AD5D /* ViewController.swift in Sources */ = {isa = PBXBuildFile; fileRef = C595403E1EF6B3510008AD5D /* ViewController.swift */; };
		C59540421EF6B3510008AD5D /* Main.storyboard in Resources */ = {isa = PBXBuildFile; fileRef = C59540401EF6B3510008AD5D /* Main.storyboard */; };
		C59540441EF6B3510008AD5D /* Assets.xcassets in Resources */ = {isa = PBXBuildFile; fileRef = C59540431EF6B3510008AD5D /* Assets.xcassets */; };
		C59540471EF6B3510008AD5D /* LaunchScreen.storyboard in Resources */ = {isa = PBXBuildFile; fileRef = C59540451EF6B3510008AD5D /* LaunchScreen.storyboard */; };
		C59540521EF6B3510008AD5D /* _6_FlyweightPatternTests.swift in Sources */ = {isa = PBXBuildFile; fileRef = C59540511EF6B3510008AD5D /* _6_FlyweightPatternTests.swift */; };
		C595405D1EF6B3510008AD5D /* _6_FlyweightPatternUITests.swift in Sources */ = {isa = PBXBuildFile; fileRef = C595405C1EF6B3510008AD5D /* _6_FlyweightPatternUITests.swift */; };
		C595406B1EF6B3F00008AD5D /* Flyweight.swift in Sources */ = {isa = PBXBuildFile; fileRef = C595406A1EF6B3F00008AD5D /* Flyweight.swift */; };
		C595406D1EF6B6DF0008AD5D /* FlyweightFactory.swift in Sources */ = {isa = PBXBuildFile; fileRef = C595406C1EF6B6DF0008AD5D /* FlyweightFactory.swift */; };
/* End PBXBuildFile section */

/* Begin PBXContainerItemProxy section */
		C595404E1EF6B3510008AD5D /* PBXContainerItemProxy */ = {
			isa = PBXContainerItemProxy;
			containerPortal = C59540311EF6B3510008AD5D /* Project object */;
			proxyType = 1;
			remoteGlobalIDString = C59540381EF6B3510008AD5D;
			remoteInfo = "16-FlyweightPattern";
		};
		C59540591EF6B3510008AD5D /* PBXContainerItemProxy */ = {
			isa = PBXContainerItemProxy;
			containerPortal = C59540311EF6B3510008AD5D /* Project object */;
			proxyType = 1;
			remoteGlobalIDString = C59540381EF6B3510008AD5D;
			remoteInfo = "16-FlyweightPattern";
		};
/* End PBXContainerItemProxy section */

/* Begin PBXFileReference section */
		C59540391EF6B3510008AD5D /* 16-FlyweightPattern.app */ = {isa = PBXFileReference; explicitFileType = wrapper.application; includeInIndex = 0; path = "16-FlyweightPattern.app"; sourceTree = BUILT_PRODUCTS_DIR; };
		C595403C1EF6B3510008AD5D /* AppDelegate.swift */ = {isa = PBXFileReference; lastKnownFileType = sourcecode.swift; path = AppDelegate.swift; sourceTree = "<group>"; };
		C595403E1EF6B3510008AD5D /* ViewController.swift */ = {isa = PBXFileReference; lastKnownFileType = sourcecode.swift; path = ViewController.swift; sourceTree = "<group>"; };
		C59540411EF6B3510008AD5D /* Base */ = {isa = PBXFileReference; lastKnownFileType = file.storyboard; name = Base; path = Base.lproj/Main.storyboard; sourceTree = "<group>"; };
		C59540431EF6B3510008AD5D /* Assets.xcassets */ = {isa = PBXFileReference; lastKnownFileType = folder.assetcatalog; path = Assets.xcassets; sourceTree = "<group>"; };
		C59540461EF6B3510008AD5D /* Base */ = {isa = PBXFileReference; lastKnownFileType = file.storyboard; name = Base; path = Base.lproj/LaunchScreen.storyboard; sourceTree = "<group>"; };
		C59540481EF6B3510008AD5D /* Info.plist */ = {isa = PBXFileReference; lastKnownFileType = text.plist.xml; path = Info.plist; sourceTree = "<group>"; };
		C595404D1EF6B3510008AD5D /* 16-FlyweightPatternTests.xctest */ = {isa = PBXFileReference; explicitFileType = wrapper.cfbundle; includeInIndex = 0; path = "16-FlyweightPatternTests.xctest"; sourceTree = BUILT_PRODUCTS_DIR; };
		C59540511EF6B3510008AD5D /* _6_FlyweightPatternTests.swift */ = {isa = PBXFileReference; lastKnownFileType = sourcecode.swift; path = _6_FlyweightPatternTests.swift; sourceTree = "<group>"; };
		C59540531EF6B3510008AD5D /* Info.plist */ = {isa = PBXFileReference; lastKnownFileType = text.plist.xml; path = Info.plist; sourceTree = "<group>"; };
		C59540581EF6B3510008AD5D /* 16-FlyweightPatternUITests.xctest */ = {isa = PBXFileReference; explicitFileType = wrapper.cfbundle; includeInIndex = 0; path = "16-FlyweightPatternUITests.xctest"; sourceTree = BUILT_PRODUCTS_DIR; };
		C595405C1EF6B3510008AD5D /* _6_FlyweightPatternUITests.swift */ = {isa = PBXFileReference; lastKnownFileType = sourcecode.swift; path = _6_FlyweightPatternUITests.swift; sourceTree = "<group>"; };
		C595405E1EF6B3510008AD5D /* Info.plist */ = {isa = PBXFileReference; lastKnownFileType = text.plist.xml; path = Info.plist; sourceTree = "<group>"; };
		C595406A1EF6B3F00008AD5D /* Flyweight.swift */ = {isa = PBXFileReference; fileEncoding = 4; lastKnownFileType = sourcecode.swift; path = Flyweight.swift; sourceTree = "<group>"; };
		C595406C1EF6B6DF0008AD5D /* FlyweightFactory.swift */ = {isa = PBXFileReference; fileEncoding = 4; lastKnownFileType = sourcecode.swift; path = FlyweightFactory.swift; sourceTree = "<group>"; };
/* End PBXFileReference section */

/* Begin PBXFrameworksBuildPhase section */
		C59540361EF6B3510008AD5D /* Frameworks */ = {
			isa = PBXFrameworksBuildPhase;
			buildActionMask = 2147483647;
			files = (
			);
			runOnlyForDeploymentPostprocessing = 0;
		};
		C595404A1EF6B3510008AD5D /* Frameworks */ = {
			isa = PBXFrameworksBuildPhase;
			buildActionMask = 2147483647;
			files = (
			);
			runOnlyForDeploymentPostprocessing = 0;
		};
		C59540551EF6B3510008AD5D /* Frameworks */ = {
			isa = PBXFrameworksBuildPhase;
			buildActionMask = 2147483647;
			files = (
			);
			runOnlyForDeploymentPostprocessing = 0;
		};
/* End PBXFrameworksBuildPhase section */

/* Begin PBXGroup section */
		C59540301EF6B3510008AD5D = {
			isa = PBXGroup;
			children = (
				C595403B1EF6B3510008AD5D /* 16-FlyweightPattern */,
				C59540501EF6B3510008AD5D /* 16-FlyweightPatternTests */,
				C595405B1EF6B3510008AD5D /* 16-FlyweightPatternUITests */,
				C595403A1EF6B3510008AD5D /* Products */,
			);
			sourceTree = "<group>";
		};
		C595403A1EF6B3510008AD5D /* Products */ = {
			isa = PBXGroup;
			children = (
				C59540391EF6B3510008AD5D /* 16-FlyweightPattern.app */,
				C595404D1EF6B3510008AD5D /* 16-FlyweightPatternTests.xctest */,
				C59540581EF6B3510008AD5D /* 16-FlyweightPatternUITests.xctest */,
			);
			name = Products;
			sourceTree = "<group>";
		};
		C595403B1EF6B3510008AD5D /* 16-FlyweightPattern */ = {
			isa = PBXGroup;
			children = (
				C595403C1EF6B3510008AD5D /* AppDelegate.swift */,
				C595403E1EF6B3510008AD5D /* ViewController.swift */,
				C59540401EF6B3510008AD5D /* Main.storyboard */,
				C59540431EF6B3510008AD5D /* Assets.xcassets */,
				C59540451EF6B3510008AD5D /* LaunchScreen.storyboard */,
				C59540481EF6B3510008AD5D /* Info.plist */,
				C595406C1EF6B6DF0008AD5D /* FlyweightFactory.swift */,
				C595406A1EF6B3F00008AD5D /* Flyweight.swift */,
			);
			path = "16-FlyweightPattern";
			sourceTree = "<group>";
		};
		C59540501EF6B3510008AD5D /* 16-FlyweightPatternTests */ = {
			isa = PBXGroup;
			children = (
				C59540511EF6B3510008AD5D /* _6_FlyweightPatternTests.swift */,
				C59540531EF6B3510008AD5D /* Info.plist */,
			);
			path = "16-FlyweightPatternTests";
			sourceTree = "<group>";
		};
		C595405B1EF6B3510008AD5D /* 16-FlyweightPatternUITests */ = {
			isa = PBXGroup;
			children = (
				C595405C1EF6B3510008AD5D /* _6_FlyweightPatternUITests.swift */,
				C595405E1EF6B3510008AD5D /* Info.plist */,
			);
			path = "16-FlyweightPatternUITests";
			sourceTree = "<group>";
		};
/* End PBXGroup section */

/* Begin PBXNativeTarget section */
		C59540381EF6B3510008AD5D /* 16-FlyweightPattern */ = {
			isa = PBXNativeTarget;
			buildConfigurationList = C59540611EF6B3510008AD5D /* Build configuration list for PBXNativeTarget "16-FlyweightPattern" */;
			buildPhases = (
				C59540351EF6B3510008AD5D /* Sources */,
				C59540361EF6B3510008AD5D /* Frameworks */,
				C59540371EF6B3510008AD5D /* Resources */,
			);
			buildRules = (
			);
			dependencies = (
			);
			name = "16-FlyweightPattern";
			productName = "16-FlyweightPattern";
			productReference = C59540391EF6B3510008AD5D /* 16-FlyweightPattern.app */;
			productType = "com.apple.product-type.application";
		};
		C595404C1EF6B3510008AD5D /* 16-FlyweightPatternTests */ = {
			isa = PBXNativeTarget;
			buildConfigurationList = C59540641EF6B3510008AD5D /* Build configuration list for PBXNativeTarget "16-FlyweightPatternTests" */;
			buildPhases = (
				C59540491EF6B3510008AD5D /* Sources */,
				C595404A1EF6B3510008AD5D /* Frameworks */,
				C595404B1EF6B3510008AD5D /* Resources */,
			);
			buildRules = (
			);
			dependencies = (
				C595404F1EF6B3510008AD5D /* PBXTargetDependency */,
			);
			name = "16-FlyweightPatternTests";
			productName = "16-FlyweightPatternTests";
			productReference = C595404D1EF6B3510008AD5D /* 16-FlyweightPatternTests.xctest */;
			productType = "com.apple.product-type.bundle.unit-test";
		};
		C59540571EF6B3510008AD5D /* 16-FlyweightPatternUITests */ = {
			isa = PBXNativeTarget;
			buildConfigurationList = C59540671EF6B3510008AD5D /* Build configuration list for PBXNativeTarget "16-FlyweightPatternUITests" */;
			buildPhases = (
				C59540541EF6B3510008AD5D /* Sources */,
				C59540551EF6B3510008AD5D /* Frameworks */,
				C59540561EF6B3510008AD5D /* Resources */,
			);
			buildRules = (
			);
			dependencies = (
				C595405A1EF6B3510008AD5D /* PBXTargetDependency */,
			);
			name = "16-FlyweightPatternUITests";
			productName = "16-FlyweightPatternUITests";
			productReference = C59540581EF6B3510008AD5D /* 16-FlyweightPatternUITests.xctest */;
			productType = "com.apple.product-type.bundle.ui-testing";
		};
/* End PBXNativeTarget section */

/* Begin PBXProject section */
		C59540311EF6B3510008AD5D /* Project object */ = {
			isa = PBXProject;
			attributes = {
				LastSwiftUpdateCheck = 0830;
				LastUpgradeCheck = 0830;
				ORGANIZATIONNAME = FlyElephant;
				TargetAttributes = {
					C59540381EF6B3510008AD5D = {
						CreatedOnToolsVersion = 8.3.2;
						ProvisioningStyle = Automatic;
					};
					C595404C1EF6B3510008AD5D = {
						CreatedOnToolsVersion = 8.3.2;
						ProvisioningStyle = Automatic;
						TestTargetID = C59540381EF6B3510008AD5D;
					};
					C59540571EF6B3510008AD5D = {
						CreatedOnToolsVersion = 8.3.2;
						ProvisioningStyle = Automatic;
						TestTargetID = C59540381EF6B3510008AD5D;
					};
				};
			};
			buildConfigurationList = C59540341EF6B3510008AD5D /* Build configuration list for PBXProject "16-FlyweightPattern" */;
			compatibilityVersion = "Xcode 3.2";
			developmentRegion = English;
			hasScannedForEncodings = 0;
			knownRegions = (
				en,
				Base,
			);
			mainGroup = C59540301EF6B3510008AD5D;
			productRefGroup = C595403A1EF6B3510008AD5D /* Products */;
			projectDirPath = "";
			projectRoot = "";
			targets = (
				C59540381EF6B3510008AD5D /* 16-FlyweightPattern */,
				C595404C1EF6B3510008AD5D /* 16-FlyweightPatternTests */,
				C59540571EF6B3510008AD5D /* 16-FlyweightPatternUITests */,
			);
		};
/* End PBXProject section */

/* Begin PBXResourcesBuildPhase section */
		C59540371EF6B3510008AD5D /* Resources */ = {
			isa = PBXResourcesBuildPhase;
			buildActionMask = 2147483647;
			files = (
				C59540471EF6B3510008AD5D /* LaunchScreen.storyboard in Resources */,
				C59540441EF6B3510008AD5D /* Assets.xcassets in Resources */,
				C59540421EF6B3510008AD5D /* Main.storyboard in Resources */,
			);
			runOnlyForDeploymentPostprocessing = 0;
		};
		C595404B1EF6B3510008AD5D /* Resources */ = {
			isa = PBXResourcesBuildPhase;
			buildActionMask = 2147483647;
			files = (
			);
			runOnlyForDeploymentPostprocessing = 0;
		};
		C59540561EF6B3510008AD5D /* Resources */ = {
			isa = PBXResourcesBuildPhase;
			buildActionMask = 2147483647;
			files = (
			);
			runOnlyForDeploymentPostprocessing = 0;
		};
/* End PBXResourcesBuildPhase section */

/* Begin PBXSourcesBuildPhase section */
		C59540351EF6B3510008AD5D /* Sources */ = {
			isa = PBXSourcesBuildPhase;
			buildActionMask = 2147483647;
			files = (
				C595406D1EF6B6DF0008AD5D /* FlyweightFactory.swift in Sources */,
				C595403F1EF6B3510008AD5D /* ViewController.swift in Sources */,
				C595406B1EF6B3F00008AD5D /* Flyweight.swift in Sources */,
				C595403D1EF6B3510008AD5D /* AppDelegate.swift in Sources */,
			);
			runOnlyForDeploymentPostprocessing = 0;
		};
		C59540491EF6B3510008AD5D /* Sources */ = {
			isa = PBXSourcesBuildPhase;
			buildActionMask = 2147483647;
			files = (
				C59540521EF6B3510008AD5D /* _6_FlyweightPatternTests.swift in Sources */,
			);
			runOnlyForDeploymentPostprocessing = 0;
		};
		C59540541EF6B3510008AD5D /* Sources */ = {
			isa = PBXSourcesBuildPhase;
			buildActionMask = 2147483647;
			files = (
				C595405D1EF6B3510008AD5D /* _6_FlyweightPatternUITests.swift in Sources */,
			);
			runOnlyForDeploymentPostprocessing = 0;
		};
/* End PBXSourcesBuildPhase section */

/* Begin PBXTargetDependency section */
		C595404F1EF6B3510008AD5D /* PBXTargetDependency */ = {
			isa = PBXTargetDependency;
			target = C59540381EF6B3510008AD5D /* 16-FlyweightPattern */;
			targetProxy = C595404E1EF6B3510008AD5D /* PBXContainerItemProxy */;
		};
		C595405A1EF6B3510008AD5D /* PBXTargetDependency */ = {
			isa = PBXTargetDependency;
			target = C59540381EF6B3510008AD5D /* 16-FlyweightPattern */;
			targetProxy = C59540591EF6B3510008AD5D /* PBXContainerItemProxy */;
		};
/* End PBXTargetDependency section */

/* Begin PBXVariantGroup section */
		C59540401EF6B3510008AD5D /* Main.storyboard */ = {
			isa = PBXVariantGroup;
			children = (
				C59540411EF6B3510008AD5D /* Base */,
			);
			name = Main.storyboard;
			sourceTree = "<group>";
		};
		C59540451EF6B3510008AD5D /* LaunchScreen.storyboard */ = {
			isa = PBXVariantGroup;
			children = (
				C59540461EF6B3510008AD5D /* Base */,
			);
			name = LaunchScreen.storyboard;
			sourceTree = "<group>";
		};
/* End PBXVariantGroup section */

/* Begin XCBuildConfiguration section */
		C595405F1EF6B3510008AD5D /* Debug */ = {
			isa = XCBuildConfiguration;
			buildSettings = {
				ALWAYS_SEARCH_USER_PATHS = NO;
				CLANG_ANALYZER_NONNULL = YES;
				CLANG_ANALYZER_NUMBER_OBJECT_CONVERSION = YES_AGGRESSIVE;
				CLANG_CXX_LANGUAGE_STANDARD = "gnu++0x";
				CLANG_CXX_LIBRARY = "libc++";
				CLANG_ENABLE_MODULES = YES;
				CLANG_ENABLE_OBJC_ARC = YES;
				CLANG_WARN_BOOL_CONVERSION = YES;
				CLANG_WARN_CONSTANT_CONVERSION = YES;
				CLANG_WARN_DIRECT_OBJC_ISA_USAGE = YES_ERROR;
				CLANG_WARN_DOCUMENTATION_COMMENTS = YES;
				CLANG_WARN_EMPTY_BODY = YES;
				CLANG_WARN_ENUM_CONVERSION = YES;
				CLANG_WARN_INFINITE_RECURSION = YES;
				CLANG_WARN_INT_CONVERSION = YES;
				CLANG_WARN_OBJC_ROOT_CLASS = YES_ERROR;
				CLANG_WARN_SUSPICIOUS_MOVE = YES;
				CLANG_WARN_UNREACHABLE_CODE = YES;
				CLANG_WARN__DUPLICATE_METHOD_MATCH = YES;
				"CODE_SIGN_IDENTITY[sdk=iphoneos*]" = "iPhone Developer";
				COPY_PHASE_STRIP = NO;
				DEBUG_INFORMATION_FORMAT = dwarf;
				ENABLE_STRICT_OBJC_MSGSEND = YES;
				ENABLE_TESTABILITY = YES;
				GCC_C_LANGUAGE_STANDARD = gnu99;
				GCC_DYNAMIC_NO_PIC = NO;
				GCC_NO_COMMON_BLOCKS = YES;
				GCC_OPTIMIZATION_LEVEL = 0;
				GCC_PREPROCESSOR_DEFINITIONS = (
					"DEBUG=1",
					"$(inherited)",
				);
				GCC_WARN_64_TO_32_BIT_CONVERSION = YES;
				GCC_WARN_ABOUT_RETURN_TYPE = YES_ERROR;
				GCC_WARN_UNDECLARED_SELECTOR = YES;
				GCC_WARN_UNINITIALIZED_AUTOS = YES_AGGRESSIVE;
				GCC_WARN_UNUSED_FUNCTION = YES;
				GCC_WARN_UNUSED_VARIABLE = YES;
				IPHONEOS_DEPLOYMENT_TARGET = 10.3;
				MTL_ENABLE_DEBUG_INFO = YES;
				ONLY_ACTIVE_ARCH = YES;
				SDKROOT = iphoneos;
				SWIFT_ACTIVE_COMPILATION_CONDITIONS = DEBUG;
				SWIFT_OPTIMIZATION_LEVEL = "-Onone";
			};
			name = Debug;
		};
		C59540601EF6B3510008AD5D /* Release */ = {
			isa = XCBuildConfiguration;
			buildSettings = {
				ALWAYS_SEARCH_USER_PATHS = NO;
				CLANG_ANALYZER_NONNULL = YES;
				CLANG_ANALYZER_NUMBER_OBJECT_CONVERSION = YES_AGGRESSIVE;
				CLANG_CXX_LANGUAGE_STANDARD = "gnu++0x";
				CLANG_CXX_LIBRARY = "libc++";
				CLANG_ENABLE_MODULES = YES;
				CLANG_ENABLE_OBJC_ARC = YES;
				CLANG_WARN_BOOL_CONVERSION = YES;
				CLANG_WARN_CONSTANT_CONVERSION = YES;
				CLANG_WARN_DIRECT_OBJC_ISA_USAGE = YES_ERROR;
				CLANG_WARN_DOCUMENTATION_COMMENTS = YES;
				CLANG_WARN_EMPTY_BODY = YES;
				CLANG_WARN_ENUM_CONVERSION = YES;
				CLANG_WARN_INFINITE_RECURSION = YES;
				CLANG_WARN_INT_CONVERSION = YES;
				CLANG_WARN_OBJC_ROOT_CLASS = YES_ERROR;
				CLANG_WARN_SUSPICIOUS_MOVE = YES;
				CLANG_WARN_UNREACHABLE_CODE = YES;
				CLANG_WARN__DUPLICATE_METHOD_MATCH = YES;
				"CODE_SIGN_IDENTITY[sdk=iphoneos*]" = "iPhone Developer";
				COPY_PHASE_STRIP = NO;
				DEBUG_INFORMATION_FORMAT = "dwarf-with-dsym";
				ENABLE_NS_ASSERTIONS = NO;
				ENABLE_STRICT_OBJC_MSGSEND = YES;
				GCC_C_LANGUAGE_STANDARD = gnu99;
				GCC_NO_COMMON_BLOCKS = YES;
				GCC_WARN_64_TO_32_BIT_CONVERSION = YES;
				GCC_WARN_ABOUT_RETURN_TYPE = YES_ERROR;
				GCC_WARN_UNDECLARED_SELECTOR = YES;
				GCC_WARN_UNINITIALIZED_AUTOS = YES_AGGRESSIVE;
				GCC_WARN_UNUSED_FUNCTION = YES;
				GCC_WARN_UNUSED_VARIABLE = YES;
				IPHONEOS_DEPLOYMENT_TARGET = 10.3;
				MTL_ENABLE_DEBUG_INFO = NO;
				SDKROOT = iphoneos;
				SWIFT_OPTIMIZATION_LEVEL = "-Owholemodule";
				VALIDATE_PRODUCT = YES;
			};
			name = Release;
		};
		C59540621EF6B3510008AD5D /* Debug */ = {
			isa = XCBuildConfiguration;
			buildSettings = {
				ASSETCATALOG_COMPILER_APPICON_NAME = AppIcon;
				INFOPLIST_FILE = "16-FlyweightPattern/Info.plist";
				LD_RUNPATH_SEARCH_PATHS = "$(inherited) @executable_path/Frameworks";
				PRODUCT_BUNDLE_IDENTIFIER = "github.com-SmallElephant.-6-FlyweightPattern";
				PRODUCT_NAME = "$(TARGET_NAME)";
				SWIFT_VERSION = 3.0;
			};
			name = Debug;
		};
		C59540631EF6B3510008AD5D /* Release */ = {
			isa = XCBuildConfiguration;
			buildSettings = {
				ASSETCATALOG_COMPILER_APPICON_NAME = AppIcon;
				INFOPLIST_FILE = "16-FlyweightPattern/Info.plist";
				LD_RUNPATH_SEARCH_PATHS = "$(inherited) @executable_path/Frameworks";
				PRODUCT_BUNDLE_IDENTIFIER = "github.com-SmallElephant.-6-FlyweightPattern";
				PRODUCT_NAME = "$(TARGET_NAME)";
				SWIFT_VERSION = 3.0;
			};
			name = Release;
		};
		C59540651EF6B3510008AD5D /* Debug */ = {
			isa = XCBuildConfiguration;
			buildSettings = {
				ALWAYS_EMBED_SWIFT_STANDARD_LIBRARIES = YES;
				BUNDLE_LOADER = "$(TEST_HOST)";
				INFOPLIST_FILE = "16-FlyweightPatternTests/Info.plist";
				LD_RUNPATH_SEARCH_PATHS = "$(inherited) @executable_path/Frameworks @loader_path/Frameworks";
				PRODUCT_BUNDLE_IDENTIFIER = "github.com-SmallElephant.-6-FlyweightPatternTests";
				PRODUCT_NAME = "$(TARGET_NAME)";
				SWIFT_VERSION = 3.0;
				TEST_HOST = "$(BUILT_PRODUCTS_DIR)/16-FlyweightPattern.app/16-FlyweightPattern";
			};
			name = Debug;
		};
		C59540661EF6B3510008AD5D /* Release */ = {
			isa = XCBuildConfiguration;
			buildSettings = {
				ALWAYS_EMBED_SWIFT_STANDARD_LIBRARIES = YES;
				BUNDLE_LOADER = "$(TEST_HOST)";
				INFOPLIST_FILE = "16-FlyweightPatternTests/Info.plist";
				LD_RUNPATH_SEARCH_PATHS = "$(inherited) @executable_path/Frameworks @loader_path/Frameworks";
				PRODUCT_BUNDLE_IDENTIFIER = "github.com-SmallElephant.-6-FlyweightPatternTests";
				PRODUCT_NAME = "$(TARGET_NAME)";
				SWIFT_VERSION = 3.0;
				TEST_HOST = "$(BUILT_PRODUCTS_DIR)/16-FlyweightPattern.app/16-FlyweightPattern";
			};
			name = Release;
		};
		C59540681EF6B3510008AD5D /* Debug */ = {
			isa = XCBuildConfiguration;
			buildSettings = {
				ALWAYS_EMBED_SWIFT_STANDARD_LIBRARIES = YES;
				INFOPLIST_FILE = "16-FlyweightPatternUITests/Info.plist";
				LD_RUNPATH_SEARCH_PATHS = "$(inherited) @executable_path/Frameworks @loader_path/Frameworks";
				PRODUCT_BUNDLE_IDENTIFIER = "github.com-SmallElephant.-6-FlyweightPatternUITests";
				PRODUCT_NAME = "$(TARGET_NAME)";
				SWIFT_VERSION = 3.0;
				TEST_TARGET_NAME = "16-FlyweightPattern";
			};
			name = Debug;
		};
		C59540691EF6B3510008AD5D /* Release */ = {
			isa = XCBuildConfiguration;
			buildSettings = {
				ALWAYS_EMBED_SWIFT_STANDARD_LIBRARIES = YES;
				INFOPLIST_FILE = "16-FlyweightPatternUITests/Info.plist";
				LD_RUNPATH_SEARCH_PATHS = "$(inherited) @executable_path/Frameworks @loader_path/Frameworks";
				PRODUCT_BUNDLE_IDENTIFIER = "github.com-SmallElephant.-6-FlyweightPatternUITests";
				PRODUCT_NAME = "$(TARGET_NAME)";
				SWIFT_VERSION = 3.0;
				TEST_TARGET_NAME = "16-FlyweightPattern";
			};
			name = Release;
		};
/* End XCBuildConfiguration section */

/* Begin XCConfigurationList section */
		C59540341EF6B3510008AD5D /* Build configuration list for PBXProject "16-FlyweightPattern" */ = {
			isa = XCConfigurationList;
			buildConfigurations = (
				C595405F1EF6B3510008AD5D /* Debug */,
				C59540601EF6B3510008AD5D /* Release */,
			);
			defaultConfigurationIsVisible = 0;
			defaultConfigurationName = Release;
		};
		C59540611EF6B3510008AD5D /* Build configuration list for PBXNativeTarget "16-FlyweightPattern" */ = {
			isa = XCConfigurationList;
			buildConfigurations = (
				C59540621EF6B3510008AD5D /* Debug */,
				C59540631EF6B3510008AD5D /* Release */,
			);
			defaultConfigurationIsVisible = 0;
		};
		C59540641EF6B3510008AD5D /* Build configuration list for PBXNativeTarget "16-FlyweightPatternTests" */ = {
			isa = XCConfigurationList;
			buildConfigurations = (
				C59540651EF6B3510008AD5D /* Debug */,
				C59540661EF6B3510008AD5D /* Release */,
			);
			defaultConfigurationIsVisible = 0;
		};
		C59540671EF6B3510008AD5D /* Build configuration list for PBXNativeTarget "16-FlyweightPatternUITests" */ = {
			isa = XCConfigurationList;
			buildConfigurations = (
				C59540681EF6B3510008AD5D /* Debug */,
				C59540691EF6B3510008AD5D /* Release */,
			);
			defaultConfigurationIsVisible = 0;
		};
/* End XCConfigurationList section */
	};
	rootObject = C59540311EF6B3510008AD5D /* Project object */;
}
